
Microsoft Visual Studio Solution File, Format Version 12.00
# Visual Studio Version 17
VisualStudioVersion = 17.7.34031.279
MinimumVisualStudioVersion = 10.0.40219.1
Project("{FAE04EC0-301F-11D3-BF4B-00C04F79EFBC}") = "WindowsFormsApp2", "WindowsFormsApp2\WindowsFormsApp2.csproj", "{35A9A443-D62B-483E-BF96-60A8064F7D3F}"
EndProject
Global
	GlobalSection(SolutionConfigurationPlatforms) = preSolution
		Debug|Any CPU = Debug|Any CPU
		Release|Any CPU = Release|Any CPU
	EndGlobalSection
	GlobalSection(ProjectConfigurationPlatforms) = postSolution
		{35A9A443-D62B-483E-BF96-60A8064F7D3F}.Debug|Any CPU.ActiveCfg = Debug|Any CPU
		{35A9A443-D62B-483E-BF96-60A8064F7D3F}.Debug|Any CPU.Build.0 = Debug|Any CPU
		{35A9A443-D62B-483E-BF96-60A8064F7D3F}.Release|Any CPU.ActiveCfg = Release|Any CPU
		{35A9A443-D62B-483E-BF96-60A8064F7D3F}.Release|Any CPU.Build.0 = Release|Any CPU
	EndGlobalSection
	GlobalSection(SolutionProperties) = preSolution
		HideSolutionNode = FALSE
	EndGlobalSection
	GlobalSection(ExtensibilityGlobals) = postSolution
		SolutionGuid = {1FCD19CB-4411-42C0-BEE3-589BBF903E0A}
	EndGlobalSection
EndGlobal
